
Microsoft Visual Studio Solution File, Format Version 12.00
# Visual Studio Version 17
VisualStudioVersion = 17.5.002.0
MinimumVisualStudioVersion = 10.0.40219.1
Project("{9A19103F-16F7-4668-BE54-9A1E7A4F7556}") = "Material_Auto_Receive_Viewer", "Material_Auto_Receive_Viewer.csproj", "{2E7734FD-A74C-4B30-9223-EB14E9046D69}"
EndProject
Global
	GlobalSection(SolutionConfigurationPlatforms) = preSolution
		Debug|Any CPU = Debug|Any CPU
		Release|Any CPU = Release|Any CPU
	EndGlobalSection
	GlobalSection(ProjectConfigurationPlatforms) = postSolution
		{2E7734FD-A74C-4B30-9223-EB14E9046D69}.Debug|Any CPU.ActiveCfg = Debug|Any CPU
		{2E7734FD-A74C-4B30-9223-EB14E9046D69}.Debug|Any CPU.Build.0 = Debug|Any CPU
		{2E7734FD-A74C-4B30-9223-EB14E9046D69}.Release|Any CPU.ActiveCfg = Release|Any CPU
		{2E7734FD-A74C-4B30-9223-EB14E9046D69}.Release|Any CPU.Build.0 = Release|Any CPU
	EndGlobalSection
	GlobalSection(SolutionProperties) = preSolution
		HideSolutionNode = FALSE
	EndGlobalSection
	GlobalSection(ExtensibilityGlobals) = postSolution
		SolutionGuid = {2D8D7F9D-08C9-41AD-BC26-18AAC9F96511}
	EndGlobalSection
EndGlobal
